{
  "lockfileVersion": 1,
  "configVersion": 0,
  "workspaces": {
    "": {
      "name": "listmate",
      "dependencies": {
        "@capacitor-community/apple-sign-in": "^7.1.0",
        "@capacitor-firebase/authentication": "^8.4.0",
        "@capacitor/android": "^8.4.2",
        "@capacitor/app": "^8.1.1",
        "@capacitor/browser": "^8.0.4",
        "@capacitor/cli": "^8.4.2",
        "@capacitor/core": "^8.4.2",
        "@capacitor/ios": "^8.4.2",
        "@capacitor/splash-screen": "^8.0.2",
        "@capacitor/status-bar": "^8.0.3",
        "@revenuecat/purchases-capacitor": "^13.2.4",
        "firebase": "^12.17.1",
        "jimp": "^1.6.1",
      },
      "devDependencies": {
        "@resvg/resvg-js": "^2.6.2",
      },
    },
  },
  "packages": {
    "@borewit/text-codec": ["@borewit/text-codec@0.2.2", "", {}, ""],

    "@capacitor-community/apple-sign-in": ["@capacitor-community/apple-sign-in@7.1.0", "", { "dependencies": { "@types/scriptjs": "0.0.2", "scriptjs": "^2.5.9" }, "peerDependencies": { "@capacitor/core": ">=7.0.0" } }, "sha512-df7cA7vfvvvilTtpJKeVvxO31W+py5t3HK9233GBD5MvgAgtGvCqeQ3pI0noNkVsKPF9B1g/po8Mph6s4bVSmw=="],

    "@capacitor-firebase/authentication": ["@capacitor-firebase/authentication@8.4.0", "", { "peerDependencies": { "@capacitor/core": ">=8.0.0", "firebase": "^12.6.0" }, "optionalPeers": ["firebase"] }, "sha512-uixpVMSQCVIQ9t7KzD0mgQKEqeqyjoyxjin1eLBt4rKE7xMs6C0tDx+YHY7W4ZQeYhXJHvvqVuxom5vQHPBkEA=="],

    "@capacitor/android": ["@capacitor/android@8.4.2", "", { "peerDependencies": { "@capacitor/core": "^8.4.0" } }, ""],

    "@capacitor/app": ["@capacitor/app@8.1.1", "", { "peerDependencies": { "@capacitor/core": ">=8.0.0" } }, "sha512-xM2ZTX5jK60tFtmjsmJv+Cdj1Qsb6NcavkqmdEnCPQBeya9oKhamZJxYOnQNj1ZvcJM7sWfG6BEtSLx42pisbA=="],

    "@capacitor/browser": ["@capacitor/browser@8.0.4", "", { "peerDependencies": { "@capacitor/core": ">=8.0.0" } }, "sha512-ORZ4u/y+7aMuu6yVuk6SP529fUZyqcbnuHB1q5McpA3o2SYfVoi28iB8rsQjI2ad1qlKJd29ZUuGtspXLBDlWg=="],

    "@capacitor/cli": ["@capacitor/cli@8.4.2", "", { "dependencies": { "@ionic/cli-framework-output": "^2.2.8", "@ionic/utils-subprocess": "^3.0.1", "@ionic/utils-terminal": "^2.3.5", "commander": "^12.1.0", "debug": "^4.4.0", "env-paths": "^2.2.0", "fs-extra": "^11.2.0", "kleur": "^4.1.5", "native-run": "^2.0.3", "open": "^8.4.0", "plist": "^3.1.0", "prompts": "^2.4.2", "rimraf": "^6.0.1", "semver": "^7.6.3", "tar": "^7.5.3", "tslib": "^2.8.1", "xml2js": "^0.6.2" }, "bin": { "cap": "bin/capacitor", "capacitor": "bin/capacitor" } }, ""],

    "@capacitor/core": ["@capacitor/core@8.4.2", "", { "dependencies": { "tslib": "^2.1.0" } }, ""],

    "@capacitor/ios": ["@capacitor/ios@8.4.2", "", { "peerDependencies": { "@capacitor/core": "^8.4.0" } }, ""],

    "@capacitor/splash-screen": ["@capacitor/splash-screen@8.0.2", "", { "peerDependencies": { "@capacitor/core": ">=8.0.0" } }, ""],

    "@capacitor/status-bar": ["@capacitor/status-bar@8.0.3", "", { "peerDependencies": { "@capacitor/core": ">=8.0.0" } }, ""],

    "@firebase/ai": ["@firebase/ai@2.14.0", "", { "dependencies": { "@firebase/app-check-interop-types": "0.3.4", "@firebase/component": "0.7.4", "@firebase/logger": "0.5.1", "@firebase/util": "1.15.2", "tslib": "^2.1.0" }, "peerDependencies": { "@firebase/app": "0.x", "@firebase/app-types": "0.x" } }, "sha512-TYEQqCQUTyVHuG/HVi9vau6F9kvEaS49o/hmdn/yUuN6ZXQkwIml2nNJTIBfjNl/r9LOxwUNILgcOY16nxObug=="],

    "@firebase/analytics": ["@firebase/analytics@0.10.23", "", { "dependencies": { "@firebase/component": "0.7.4", "@firebase/installations": "0.6.23", "@firebase/logger": "0.5.1", "@firebase/util": "1.15.2", "tslib": "^2.1.0" }, "peerDependencies": { "@firebase/app": "0.x" } }, "sha512-34ALWXzWA6PTRUA5hipZmsm1RKzeecw5J1+qTCXsiMzwLqONC+GuTIQSdmm91MmTAEA+wG1Q5t0IFahcYQOqAA=="],

    "@firebase/analytics-compat": ["@firebase/analytics-compat@0.2.29", "", { "dependencies": { "@firebase/analytics": "0.10.23", "@firebase/analytics-types": "0.8.4", "@firebase/component": "0.7.4", "@firebase/util": "1.15.2", "tslib": "^2.1.0" }, "peerDependencies": { "@firebase/app": "0.x", "@firebase/app-compat": "0.x" } }, "sha512-allztvCvCUlItZzD97TiRAtGoFJzR1FQFmLxbaLc6PvgscqD9cl5NdKPTtka6keShVYXvCZJpzWcRoH4TME8rw=="],

    "@firebase/analytics-types": ["@firebase/analytics-types@0.8.4", "", {}, "sha512-zQ+XTgkwH6CY/eUSHJRP7e4LxM30RCxlCmob5sy2axs25GE3Ny0XdgpDscMTHHQIGqWkxPXad4w2Mw9sCgT8zQ=="],

    "@firebase/app": ["@firebase/app@0.16.0", "", { "dependencies": { "@firebase/component": "0.7.4", "@firebase/logger": "0.5.1", "@firebase/util": "1.15.2", "idb": "7.1.1", "tslib": "^2.1.0" } }, "sha512-G+ZGEyVP8YTb3ay6A+XpcYgFH3sTESHcnHU/EyTktodqhz2BHkLq+QEP7IVwjiMX0cxYwpVKip0/wC0KZcn9vQ=="],

    "@firebase/app-check": ["@firebase/app-check@0.13.0", "", { "dependencies": { "@firebase/component": "0.7.4", "@firebase/logger": "0.5.1", "@firebase/util": "1.15.2", "tslib": "^2.1.0" }, "peerDependencies": { "@firebase/app": "0.x" } }, "sha512-AbMttBKazQvGVXBZhQdVAdPzRhwHyJAY3Ghu5y2C7IZKIDIppzNYz0shTZ1mP4FBJa+28BuC4t+5h1Q6pT3Asg=="],

    "@firebase/app-check-compat": ["@firebase/app-check-compat@0.4.6", "", { "dependencies": { "@firebase/app-check": "0.13.0", "@firebase/app-check-types": "0.5.4", "@firebase/component": "0.7.4", "@firebase/logger": "0.5.1", "@firebase/util": "1.15.2", "tslib": "^2.1.0" }, "peerDependencies": { "@firebase/app": "0.x", "@firebase/app-compat": "0.x" } }, "sha512-2pzNEZEkX84jSqy6TH6FI1HSLA1lc7kakRUybBbKjg9YhIttPlW/XX3N9CDtChji2PTTPWVPZiWhB10exHfA+A=="],

    "@firebase/app-check-interop-types": ["@firebase/app-check-interop-types@0.3.4", "", {}, "sha512-zz3i6e13B8BfWiLy8MABtTh8aGIACgKbf9UVnyHcWs+yQzJXgQcl8A46b0zfaiJHdQ+niF0ouAfcpuf+3LMPQg=="],

    "@firebase/app-check-types": ["@firebase/app-check-types@0.5.4", "", {}, "sha512-xV7JsIyzVr15aA7f3Pi0rB9gdBuVubs89FGA8VkRYA4g0l78poADgdfrScgf7NndSg9mm7cR7PJyY0+t22KaGw=="],

    "@firebase/app-compat": ["@firebase/app-compat@0.5.16", "", { "dependencies": { "@firebase/app": "0.16.0", "@firebase/component": "0.7.4", "@firebase/logger": "0.5.1", "@firebase/util": "1.15.2", "tslib": "^2.1.0" } }, "sha512-shQq37O8qELDzvsVwYPlDXwD1zlcrZ0m2bpBF5ov2HSbY8x+AHsnL5TtJ2e1JAfkQN05qHao1AfabS69PN6GiA=="],

    "@firebase/app-types": ["@firebase/app-types@0.9.5", "", { "dependencies": { "@firebase/logger": "0.5.1" } }, "sha512-YevqTjvo7Iujsa9Dwowmd6dSoElhzmD63ZSrq6bzjvQ6POjYgNjOFHLmNIgJs48eNO093NCERibuFnxbfOvU7A=="],

    "@firebase/auth": ["@firebase/auth@1.13.4", "", { "dependencies": { "@firebase/component": "0.7.4", "@firebase/logger": "0.5.1", "@firebase/util": "1.15.2", "tslib": "^2.1.0" }, "peerDependencies": { "@firebase/app": "0.x", "@react-native-async-storage/async-storage": "^2.2.0 || ^3.0.0" }, "optionalPeers": ["@react-native-async-storage/async-storage"] }, "sha512-s+NS1aV0DDyyfoIMeSz53HXnVTv7ufJjJfrP63XyaWHweJ5vOoxKWrTm5tO7S7PDqvyOa/Wi3oP0dgAo6JTMMA=="],

    "@firebase/auth-compat": ["@firebase/auth-compat@0.6.9", "", { "dependencies": { "@firebase/auth": "1.13.4", "@firebase/auth-types": "0.13.1", "@firebase/component": "0.7.4", "@firebase/util": "1.15.2", "tslib": "^2.1.0" }, "peerDependencies": { "@firebase/app": "0.x", "@firebase/app-compat": "0.x" } }, "sha512-/hHeTBmQ61+N5J1RECls+WfskZTY78JXr7aO5EMOfUpqJvDqvoS+568k0rp6Ss/4UWwBjadILs+H+SGy1zCS3A=="],

    "@firebase/auth-interop-types": ["@firebase/auth-interop-types@0.2.5", "", {}, "sha512-1Li/YuBDBAXcKv7BzY4U28gontUmAaw53sYiqbaVOMCFb2lFKK/c3CGMUWqtwe7+TXrl3poWnTCL5umYBg85Eg=="],

    "@firebase/auth-types": ["@firebase/auth-types@0.13.1", "", { "peerDependencies": { "@firebase/app-types": "0.x", "@firebase/util": "1.x" } }, "sha512-0c1Mnid0uMDfGJHeUS4zfvBa4/CedJXotGy/n/NZJnBjwiJawt0ZYU+wH2VAVLiRCEfG2ncCkAX3yd1/2nrB7g=="],

    "@firebase/component": ["@firebase/component@0.7.4", "", { "dependencies": { "@firebase/util": "1.15.2", "tslib": "^2.1.0" } }, "sha512-tLpOaaCol9ugUIYp2R3CbWPPA8Ajg/papX/XHEy8U52b/QXH3BbX8tTJX9aShDCjp+9sMAxMLD94i7lresdugQ=="],

    "@firebase/data-connect": ["@firebase/data-connect@0.7.3", "", { "dependencies": { "@firebase/auth-interop-types": "0.2.5", "@firebase/component": "0.7.4", "@firebase/logger": "0.5.1", "@firebase/util": "1.15.2", "tslib": "^2.1.0" }, "peerDependencies": { "@firebase/app": "0.x" } }, "sha512-nHBFk3Ntl+NZCRIUG2d5j7I69P0otjyQ/duhVKLbw4+5cNke/F6RK1pdE5Jnf831/QOTs2Bd00LlxlZ+jNsb9w=="],

    "@firebase/database": ["@firebase/database@1.1.4", "", { "dependencies": { "@firebase/app-check-interop-types": "0.3.4", "@firebase/auth-interop-types": "0.2.5", "@firebase/component": "0.7.4", "@firebase/logger": "0.5.1", "@firebase/util": "1.15.2", "faye-websocket": "0.11.4", "tslib": "^2.1.0" } }, "sha512-D+j4+8uhGtNd1tVD+X+c8JrC4ppStGJKyujSQt2NPwdN26QcCk0BeIxue+UqspHkHiFHyQOimwlzjLewGq6S+A=="],

    "@firebase/database-compat": ["@firebase/database-compat@2.1.6", "", { "dependencies": { "@firebase/component": "0.7.4", "@firebase/database": "1.1.4", "@firebase/database-types": "1.0.21", "@firebase/logger": "0.5.1", "@firebase/util": "1.15.2", "tslib": "^2.1.0" }, "peerDependencies": { "@firebase/app": "0.x", "@firebase/app-compat": "0.x" }, "optionalPeers": ["@firebase/app", "@firebase/app-compat"] }, "sha512-mu7S/75UIajB1A5M9Vfojk69LttW55uABp9nHEtWrV/mIaSEwvoaIe9GySsEzS2EKFK5/3f5okcAuUbihhYeJg=="],

    "@firebase/database-types": ["@firebase/database-types@1.0.21", "", { "dependencies": { "@firebase/app-types": "0.9.5", "@firebase/util": "1.15.2" } }, "sha512-SX1jUqhttKgg/m9dYRTvqU9QvucBooziWfA986r4cpsbi4zlsvewe424j3Vpduwd6DG1MSAMfBVT2VqA61FnkA=="],

    "@firebase/firestore": ["@firebase/firestore@4.17.0", "", { "dependencies": { "@firebase/component": "0.7.4", "@firebase/logger": "0.5.1", "@firebase/util": "1.15.2", "@firebase/webchannel-wrapper": "1.0.6", "@grpc/grpc-js": "~1.9.0", "@grpc/proto-loader": "^0.7.8", "re2js": "^2.8.3", "tslib": "^2.1.0" }, "peerDependencies": { "@firebase/app": "0.x" } }, "sha512-P9tof6pyO1bnLlMWbux+5O7WFJqlb7OTPMKxxOiXKYiQl7mxykAvxr1BFCgWeEXUU7DZxQncyJ040B0IhFVZCg=="],

    "@firebase/firestore-compat": ["@firebase/firestore-compat@0.4.12", "", { "dependencies": { "@firebase/component": "0.7.4", "@firebase/firestore": "4.17.0", "@firebase/firestore-types": "3.0.4", "@firebase/util": "1.15.2", "tslib": "^2.1.0" }, "peerDependencies": { "@firebase/app": "0.x", "@firebase/app-compat": "0.x" } }, "sha512-k2uX81Ao/S0jnFcWGPOQpKK1cPlJHvD9WIqh/RE1XBDP2yg5zhE4rHhSg1rtB11k39q3nKon9XLNDDrPjGclag=="],

    "@firebase/firestore-types": ["@firebase/firestore-types@3.0.4", "", { "peerDependencies": { "@firebase/app-types": "0.x", "@firebase/util": "1.x" } }, "sha512-jGn+JSS4X9zZsrfu7Yw66v5YRdOLD1oyQh4USR0xWl4CUqV/DA6bNIXRPpxH/cUl3iVTNiP6MN7g+EL42A4qfA=="],

    "@firebase/functions": ["@firebase/functions@0.13.6", "", { "dependencies": { "@firebase/app-check-interop-types": "0.3.4", "@firebase/auth-interop-types": "0.2.5", "@firebase/component": "0.7.4", "@firebase/messaging-interop-types": "0.2.5", "@firebase/util": "1.15.2", "tslib": "^2.1.0" }, "peerDependencies": { "@firebase/app": "0.x" } }, "sha512-9obLnzeQUivK5lmtGFOU2ucQ38BjTp+jpPtbfFp/mDsdVCvEpRqdWNvMMQ6aQwR4vcVc/utsvngm5BRkXbc7ZA=="],

    "@firebase/functions-compat": ["@firebase/functions-compat@0.4.6", "", { "dependencies": { "@firebase/component": "0.7.4", "@firebase/functions": "0.13.6", "@firebase/functions-types": "0.6.4", "@firebase/util": "1.15.2", "tslib": "^2.1.0" }, "peerDependencies": { "@firebase/app": "0.x", "@firebase/app-compat": "0.x" } }, "sha512-dj9sOet+FIU91jeU4A3vGJoXHty7NqkSfjRLCwLgJXPDk1m72KFuxD3nlFgw/yXx/Fr7UjqzbxZ0LrIOdpx7+w=="],

    "@firebase/functions-types": ["@firebase/functions-types@0.6.4", "", {}, "sha512-zV6kgqtduR4rUAdC/ilS7kmb93XD7bEZoJDlVBZqlOw2uGGGCNBQBuleww2rr0Ulr3L9o2TDjumEt68/l1f9DQ=="],

    "@firebase/installations": ["@firebase/installations@0.6.23", "", { "dependencies": { "@firebase/component": "0.7.4", "@firebase/util": "1.15.2", "idb": "7.1.1", "tslib": "^2.1.0" }, "peerDependencies": { "@firebase/app": "0.x" } }, "sha512-MBkbcQfd+3qHjW+slsH4s7jH5qTdGlYpwqmxEZ7QcIpgDxu1SKyU0f+mCZhCt1BCacLNiOWF5L0R06N0LtlfMg=="],

    "@firebase/installations-compat": ["@firebase/installations-compat@0.2.23", "", { "dependencies": { "@firebase/component": "0.7.4", "@firebase/installations": "0.6.23", "@firebase/installations-types": "0.5.4", "@firebase/util": "1.15.2", "tslib": "^2.1.0" }, "peerDependencies": { "@firebase/app": "0.x", "@firebase/app-compat": "0.x" } }, "sha512-isaXmjb9roM83eVeXAe+ZRNKYNsSo2s0aNM+cy04AAGEyVL/d8Aa11GwEXovRFeYjl9+1yRAOxRDTOukZRwTxA=="],

    "@firebase/installations-types": ["@firebase/installations-types@0.5.4", "", { "peerDependencies": { "@firebase/app-types": "0.x" } }, "sha512-U2eFapdHwjb43Vx9o+Pmj4dFfvcHEK1IirEFLqMtWrTHvmdrS3gBpBD1kmJk/9HjsOtoHZxJ2Paoe79e+L1ZPg=="],

    "@firebase/logger": ["@firebase/logger@0.5.1", "", { "dependencies": { "tslib": "^2.1.0" } }, "sha512-vZKLsqE1ABOy8OjQiE7cUTFn4gvaqlk88yp8N94Pk/sDpq61YqZGqmVFZTvOyflTwuYFcWirBdYGoJgbDaXKYQ=="],

    "@firebase/messaging": ["@firebase/messaging@0.13.1", "", { "dependencies": { "@firebase/component": "0.7.4", "@firebase/installations": "0.6.23", "@firebase/messaging-interop-types": "0.2.5", "@firebase/util": "1.15.2", "idb": "7.1.1", "tslib": "^2.1.0" }, "peerDependencies": { "@firebase/app": "0.x" } }, "sha512-kL8fdjbNBI7hprlXJrUjktDWosrpT4JtfwXtVVevImPF/rBRAsC+LS/jIs+kgQVuotnvMhaBCgAFipBoY9YU9g=="],

    "@firebase/messaging-compat": ["@firebase/messaging-compat@0.2.28", "", { "dependencies": { "@firebase/component": "0.7.4", "@firebase/messaging": "0.13.1", "@firebase/util": "1.15.2", "tslib": "^2.1.0" }, "peerDependencies": { "@firebase/app": "0.x", "@firebase/app-compat": "0.x" } }, "sha512-/AmMqHRnSQhPsdeED3ocs+s30/tpFvZDiiwIYY2uXFRvLujo1fnbPOeCFoe4Y+dRy1LCSjpvJf+dy5ZTsxi1yg=="],

    "@firebase/messaging-interop-types": ["@firebase/messaging-interop-types@0.2.5", "", {}, "sha512-tUEKnaAP2Y/MNIqgnriPpV6e5l13Vs/+p2yrd6NGlncPJT9O3a8muYZtdnWe+IJ4fgKLHJVC79n/asxk/N5Msw=="],

    "@firebase/performance": ["@firebase/performance@0.7.13", "", { "dependencies": { "@firebase/component": "0.7.4", "@firebase/installations": "0.6.23", "@firebase/logger": "0.5.1", "@firebase/util": "1.15.2", "tslib": "^2.1.0", "web-vitals": "^4.2.4" }, "peerDependencies": { "@firebase/app": "0.x" } }, "sha512-1u6fuXP9cj0s+lkTFAspr/ttfPebPbEdpx+5Wdr4mPZbp8qH2KCMxOddEAR1ZMRa5GI0E7hDYSnolEmbqOFOAg=="],

    "@firebase/performance-compat": ["@firebase/performance-compat@0.2.26", "", { "dependencies": { "@firebase/component": "0.7.4", "@firebase/logger": "0.5.1", "@firebase/performance": "0.7.13", "@firebase/performance-types": "0.2.4", "@firebase/util": "1.15.2", "tslib": "^2.1.0" }, "peerDependencies": { "@firebase/app": "0.x", "@firebase/app-compat": "0.x" } }, "sha512-jgoocXLN6ao26xWQ8pzosmzQ33uLzGBJQPNK0NTbVy1XvIHr5pfgBf9hWLOxsWe+R7sJq5bjD+8ybXprmt61mA=="],

    "@firebase/performance-types": ["@firebase/performance-types@0.2.4", "", {}, "sha512-kJSEk7b0uhpcPRyL4SQ/GPujLqk52XNKcXlnsKDbWGAb9vugcLvOU3u6zfEdwd+d8hWJb5S5ZizV1JFFI0nkKg=="],

    "@firebase/remote-config": ["@firebase/remote-config@0.9.1", "", { "dependencies": { "@firebase/component": "0.7.4", "@firebase/installations": "0.6.23", "@firebase/logger": "0.5.1", "@firebase/util": "1.15.2", "tslib": "^2.1.0" }, "peerDependencies": { "@firebase/app": "0.x" } }, "sha512-nzQUSJnk1zAZEl2Q5O3I7Z61cYLK5JI4H6wyyOiHkVZ+bmgy1YXNNMptNbVjixMQ/eCzgA6nZRaC+1eBcJGUFA=="],

    "@firebase/remote-config-compat": ["@firebase/remote-config-compat@0.2.28", "", { "dependencies": { "@firebase/component": "0.7.4", "@firebase/logger": "0.5.1", "@firebase/remote-config": "0.9.1", "@firebase/remote-config-types": "0.5.1", "@firebase/util": "1.15.2", "tslib": "^2.1.0" }, "peerDependencies": { "@firebase/app": "0.x", "@firebase/app-compat": "0.x" } }, "sha512-kEO9Gn6fbmVj7eNUtZ6d59mLgUDUD0qo7aCicGOWNfuRWTaUv3CF9DMYychO61zaEQ3cfA+CEny4V1E8A1gRGA=="],

    "@firebase/remote-config-types": ["@firebase/remote-config-types@0.5.1", "", {}, "sha512-cX/1LT6KQwkXzck2eSzeKnuvXZCyr8qaPpDcikoJs7jmI+oBOXixpDLeDtWj1U6GNMkIoXrEDNoyT2Ypcyp5/A=="],

    "@firebase/storage": ["@firebase/storage@0.14.4", "", { "dependencies": { "@firebase/component": "0.7.4", "@firebase/util": "1.15.2", "tslib": "^2.1.0" }, "peerDependencies": { "@firebase/app": "0.x" } }, "sha512-jfzEWZb3Fpsq3FwAB2ifoc8mcSh935qXdDou3TpyjDWa45hhNcZUv8/w28/10njByhfK7snbakKN30nwnzQ3/w=="],

    "@firebase/storage-compat": ["@firebase/storage-compat@0.4.4", "", { "dependencies": { "@firebase/component": "0.7.4", "@firebase/storage": "0.14.4", "@firebase/storage-types": "0.8.4", "@firebase/util": "1.15.2", "tslib": "^2.1.0" }, "peerDependencies": { "@firebase/app": "0.x", "@firebase/app-compat": "0.x" } }, "sha512-qSRgCB9f2R/nCp8t/8OC101cIFBFeUazlRInOMdzbnLzvrQBzEfx19SrR4pvdj/0+M+P/y8AK/a2s+3EB+B1Pw=="],

    "@firebase/storage-types": ["@firebase/storage-types@0.8.4", "", { "peerDependencies": { "@firebase/app-types": "0.x", "@firebase/util": "1.x" } }, "sha512-BT7cwxJOx8SWwlQfrlC+bD/Sk3Cw+1odCi8UZNFNWTVZoPsBnA5W+mqtZzVnvsdJpXCFGSGQ7R7vOR6dtM/BRA=="],

    "@firebase/util": ["@firebase/util@1.15.2", "", { "dependencies": { "tslib": "^2.1.0" } }, "sha512-974pWIZVLDMc5GW5YAsj8y0XxULxIy/sPUy7tsxmWbF93KRIyh9xpuHlh0zDL+shUcf5nHDjFOg9YLiQ763eiA=="],

    "@firebase/webchannel-wrapper": ["@firebase/webchannel-wrapper@1.0.6", "", {}, "sha512-Vr/Mqu79dMwGRAyGbJ4uN4+BtXB3/mRTdzetD1daWNeG8QaWuzhhbG77GltO5c0yYmYls8i250iX73624GJd7Q=="],

    "@grpc/grpc-js": ["@grpc/grpc-js@1.9.16", "", { "dependencies": { "@grpc/proto-loader": "^0.7.8", "@types/node": ">=12.12.47" } }, "sha512-wE4Ut/olIzfKqp631XrG+wbF0v1vWFN4YL9FyXC2LJiG33DsV7PLzURjrCvY/6je2ntdRkeLpPDluzSRGaVltQ=="],

    "@grpc/proto-loader": ["@grpc/proto-loader@0.7.15", "", { "dependencies": { "lodash.camelcase": "^4.3.0", "long": "^5.0.0", "protobufjs": "^7.2.5", "yargs": "^17.7.2" }, "bin": { "proto-loader-gen-types": "build/bin/proto-loader-gen-types.js" } }, "sha512-tMXdRCfYVixjuFK+Hk0Q1s38gV9zDiDJfWL3h1rv4Qc39oILCu1TRTDt7+fGUI8K4G1Fj125Hx/ru3azECWTyQ=="],

    "@ionic/cli-framework-output": ["@ionic/cli-framework-output@2.2.8", "", { "dependencies": { "@ionic/utils-terminal": "2.3.5", "debug": "^4.0.0", "tslib": "^2.0.1" } }, ""],

    "@ionic/utils-array": ["@ionic/utils-array@2.1.6", "", { "dependencies": { "debug": "^4.0.0", "tslib": "^2.0.1" } }, ""],

    "@ionic/utils-fs": ["@ionic/utils-fs@3.1.7", "", { "dependencies": { "@types/fs-extra": "^8.0.0", "debug": "^4.0.0", "fs-extra": "^9.0.0", "tslib": "^2.0.1" } }, ""],

    "@ionic/utils-object": ["@ionic/utils-object@2.1.6", "", { "dependencies": { "debug": "^4.0.0", "tslib": "^2.0.1" } }, ""],

    "@ionic/utils-process": ["@ionic/utils-process@2.1.12", "", { "dependencies": { "@ionic/utils-object": "2.1.6", "@ionic/utils-terminal": "2.3.5", "debug": "^4.0.0", "signal-exit": "^3.0.3", "tree-kill": "^1.2.2", "tslib": "^2.0.1" } }, ""],

    "@ionic/utils-stream": ["@ionic/utils-stream@3.1.7", "", { "dependencies": { "debug": "^4.0.0", "tslib": "^2.0.1" } }, ""],

    "@ionic/utils-subprocess": ["@ionic/utils-subprocess@3.0.1", "", { "dependencies": { "@ionic/utils-array": "2.1.6", "@ionic/utils-fs": "3.1.7", "@ionic/utils-process": "2.1.12", "@ionic/utils-stream": "3.1.7", "@ionic/utils-terminal": "2.3.5", "cross-spawn": "^7.0.3", "debug": "^4.0.0", "tslib": "^2.0.1" } }, ""],

    "@ionic/utils-terminal": ["@ionic/utils-terminal@2.3.5", "", { "dependencies": { "@types/slice-ansi": "^4.0.0", "debug": "^4.0.0", "signal-exit": "^3.0.3", "slice-ansi": "^4.0.0", "string-width": "^4.1.0", "strip-ansi": "^6.0.0", "tslib": "^2.0.1", "untildify": "^4.0.0", "wrap-ansi": "^7.0.0" } }, ""],

    "@isaacs/fs-minipass": ["@isaacs/fs-minipass@4.0.1", "", { "dependencies": { "minipass": "^7.0.4" } }, ""],

    "@jimp/core": ["@jimp/core@1.6.1", "", { "dependencies": { "@jimp/file-ops": "1.6.1", "@jimp/types": "1.6.1", "@jimp/utils": "1.6.1", "await-to-js": "^3.0.0", "exif-parser": "^0.1.12", "file-type": "^21.3.3", "mime": "3" } }, ""],

    "@jimp/diff": ["@jimp/diff@1.6.1", "", { "dependencies": { "@jimp/plugin-resize": "1.6.1", "@jimp/types": "1.6.1", "@jimp/utils": "1.6.1", "pixelmatch": "^5.3.0" } }, ""],

    "@jimp/file-ops": ["@jimp/file-ops@1.6.1", "", {}, ""],

    "@jimp/js-bmp": ["@jimp/js-bmp@1.6.1", "", { "dependencies": { "@jimp/core": "1.6.1", "@jimp/types": "1.6.1", "@jimp/utils": "1.6.1", "bmp-ts": "^1.0.9" } }, ""],

    "@jimp/js-gif": ["@jimp/js-gif@1.6.1", "", { "dependencies": { "@jimp/core": "1.6.1", "@jimp/types": "1.6.1", "gifwrap": "^0.10.1", "omggif": "^1.0.10" } }, ""],

    "@jimp/js-jpeg": ["@jimp/js-jpeg@1.6.1", "", { "dependencies": { "@jimp/core": "1.6.1", "@jimp/types": "1.6.1", "jpeg-js": "^0.4.4" } }, ""],

    "@jimp/js-png": ["@jimp/js-png@1.6.1", "", { "dependencies": { "@jimp/core": "1.6.1", "@jimp/types": "1.6.1", "pngjs": "^7.0.0" } }, ""],

    "@jimp/js-tiff": ["@jimp/js-tiff@1.6.1", "", { "dependencies": { "@jimp/core": "1.6.1", "@jimp/types": "1.6.1", "utif2": "^4.1.0" } }, ""],

    "@jimp/plugin-blit": ["@jimp/plugin-blit@1.6.1", "", { "dependencies": { "@jimp/types": "1.6.1", "@jimp/utils": "1.6.1", "zod": "^3.23.8" } }, ""],

    "@jimp/plugin-blur": ["@jimp/plugin-blur@1.6.1", "", { "dependencies": { "@jimp/core": "1.6.1", "@jimp/utils": "1.6.1" } }, ""],

    "@jimp/plugin-circle": ["@jimp/plugin-circle@1.6.1", "", { "dependencies": { "@jimp/types": "1.6.1", "zod": "^3.23.8" } }, ""],

    "@jimp/plugin-color": ["@jimp/plugin-color@1.6.1", "", { "dependencies": { "@jimp/core": "1.6.1", "@jimp/types": "1.6.1", "@jimp/utils": "1.6.1", "tinycolor2": "^1.6.0", "zod": "^3.23.8" } }, ""],

    "@jimp/plugin-contain": ["@jimp/plugin-contain@1.6.1", "", { "dependencies": { "@jimp/core": "1.6.1", "@jimp/plugin-blit": "1.6.1", "@jimp/plugin-resize": "1.6.1", "@jimp/types": "1.6.1", "@jimp/utils": "1.6.1", "zod": "^3.23.8" } }, ""],

    "@jimp/plugin-cover": ["@jimp/plugin-cover@1.6.1", "", { "dependencies": { "@jimp/core": "1.6.1", "@jimp/plugin-crop": "1.6.1", "@jimp/plugin-resize": "1.6.1", "@jimp/types": "1.6.1", "zod": "^3.23.8" } }, ""],

    "@jimp/plugin-crop": ["@jimp/plugin-crop@1.6.1", "", { "dependencies": { "@jimp/core": "1.6.1", "@jimp/types": "1.6.1", "@jimp/utils": "1.6.1", "zod": "^3.23.8" } }, ""],

    "@jimp/plugin-displace": ["@jimp/plugin-displace@1.6.1", "", { "dependencies": { "@jimp/types": "1.6.1", "@jimp/utils": "1.6.1", "zod": "^3.23.8" } }, ""],

    "@jimp/plugin-dither": ["@jimp/plugin-dither@1.6.1", "", { "dependencies": { "@jimp/types": "1.6.1" } }, ""],

    "@jimp/plugin-fisheye": ["@jimp/plugin-fisheye@1.6.1", "", { "dependencies": { "@jimp/types": "1.6.1", "@jimp/utils": "1.6.1", "zod": "^3.23.8" } }, ""],

    "@jimp/plugin-flip": ["@jimp/plugin-flip@1.6.1", "", { "dependencies": { "@jimp/types": "1.6.1", "zod": "^3.23.8" } }, ""],

    "@jimp/plugin-hash": ["@jimp/plugin-hash@1.6.1", "", { "dependencies": { "@jimp/core": "1.6.1", "@jimp/js-bmp": "1.6.1", "@jimp/js-jpeg": "1.6.1", "@jimp/js-png": "1.6.1", "@jimp/js-tiff": "1.6.1", "@jimp/plugin-color": "1.6.1", "@jimp/plugin-resize": "1.6.1", "@jimp/types": "1.6.1", "@jimp/utils": "1.6.1", "any-base": "^1.1.0" } }, ""],

    "@jimp/plugin-mask": ["@jimp/plugin-mask@1.6.1", "", { "dependencies": { "@jimp/types": "1.6.1", "zod": "^3.23.8" } }, ""],

    "@jimp/plugin-print": ["@jimp/plugin-print@1.6.1", "", { "dependencies": { "@jimp/core": "1.6.1", "@jimp/js-jpeg": "1.6.1", "@jimp/js-png": "1.6.1", "@jimp/plugin-blit": "1.6.1", "@jimp/types": "1.6.1", "parse-bmfont-ascii": "^1.0.6", "parse-bmfont-binary": "^1.0.6", "parse-bmfont-xml": "^1.1.6", "simple-xml-to-json": "^1.2.2", "zod": "^3.23.8" } }, ""],

    "@jimp/plugin-quantize": ["@jimp/plugin-quantize@1.6.1", "", { "dependencies": { "image-q": "^4.0.0", "zod": "^3.23.8" } }, ""],

    "@jimp/plugin-resize": ["@jimp/plugin-resize@1.6.1", "", { "dependencies": { "@jimp/core": "1.6.1", "@jimp/types": "1.6.1", "zod": "^3.23.8" } }, ""],

    "@jimp/plugin-rotate": ["@jimp/plugin-rotate@1.6.1", "", { "dependencies": { "@jimp/core": "1.6.1", "@jimp/plugin-crop": "1.6.1", "@jimp/plugin-resize": "1.6.1", "@jimp/types": "1.6.1", "@jimp/utils": "1.6.1", "zod": "^3.23.8" } }, ""],

    "@jimp/plugin-threshold": ["@jimp/plugin-threshold@1.6.1", "", { "dependencies": { "@jimp/core": "1.6.1", "@jimp/plugin-color": "1.6.1", "@jimp/plugin-hash": "1.6.1", "@jimp/types": "1.6.1", "@jimp/utils": "1.6.1", "zod": "^3.23.8" } }, ""],

    "@jimp/types": ["@jimp/types@1.6.1", "", { "dependencies": { "zod": "^3.23.8" } }, ""],

    "@jimp/utils": ["@jimp/utils@1.6.1", "", { "dependencies": { "@jimp/types": "1.6.1", "tinycolor2": "^1.6.0" } }, ""],

    "@protobufjs/aspromise": ["@protobufjs/aspromise@1.1.2", "", {}, "sha512-j+gKExEuLmKwvz3OgROXtrJ2UG2x8Ch2YZUxahh+s1F2HZ+wAceUNLkvy6zKCPVRkU++ZWQrdxsUeQXmcg4uoQ=="],

    "@protobufjs/base64": ["@protobufjs/base64@1.1.2", "", {}, "sha512-AZkcAA5vnN/v4PDqKyMR5lx7hZttPDgClv83E//FMNhR2TMcLUhfRUBHCmSl0oi9zMgDDqRUJkSxO3wm85+XLg=="],

    "@protobufjs/codegen": ["@protobufjs/codegen@2.0.5", "", {}, "sha512-zgXFLzW3Ap33e6d0Wlj4MGIm6Ce8O89n/apUaGNB/jx+hw+ruWEp7EwGUshdLKVRCxZW12fp9r40E1mQrf/34g=="],

    "@protobufjs/eventemitter": ["@protobufjs/eventemitter@1.1.1", "", {}, "sha512-vW1GmwMZNnL+gMRaovlh9yZX74kc+TTU3FObkkurpMaRtBfLP3ldjS9KQWlwZgraRE0+dheEEoAxdzcJQ8eXZg=="],

    "@protobufjs/fetch": ["@protobufjs/fetch@1.1.1", "", { "dependencies": { "@protobufjs/aspromise": "^1.1.1" } }, "sha512-GpptLrs57adMSuHi3VNj0mAF8dwh36LMaYF6XyJ6JMWlVsc+t42tm1HSEDmOs3A8fC9yyeisgLhsTVQokOZ0zw=="],

    "@protobufjs/float": ["@protobufjs/float@1.0.2", "", {}, "sha512-Ddb+kVXlXst9d+R9PfTIxh1EdNkgoRe5tOX6t01f1lYWOvJnSPDBlG241QLzcyPdoNTsblLUdujGSE4RzrTZGQ=="],

    "@protobufjs/path": ["@protobufjs/path@1.1.2", "", {}, "sha512-6JOcJ5Tm08dOHAbdR3GrvP+yUUfkjG5ePsHYczMFLq3ZmMkAD98cDgcT2iA1lJ9NVwFd4tH/iSSoe44YWkltEA=="],

    "@protobufjs/pool": ["@protobufjs/pool@1.1.0", "", {}, "sha512-0kELaGSIDBKvcgS4zkjz1PeddatrjYcmMWOlAuAPwAeccUrPHdUqo/J6LiymHHEiJT5NrF1UVwxY14f+fy4WQw=="],

    "@protobufjs/utf8": ["@protobufjs/utf8@1.1.2", "", {}, "sha512-b1UQwcEZ4yCnMCD8DAL1VlbvBJE9/IX4FTIp7BG1xYpf29SLazLSrqUkj4w7Y5y7cCVP6E5tcqqcI0xemPkHug=="],

    "@resvg/resvg-js": ["@resvg/resvg-js@2.6.2", "", { "optionalDependencies": { "@resvg/resvg-js-android-arm-eabi": "2.6.2", "@resvg/resvg-js-android-arm64": "2.6.2", "@resvg/resvg-js-darwin-arm64": "2.6.2", "@resvg/resvg-js-darwin-x64": "2.6.2", "@resvg/resvg-js-linux-arm-gnueabihf": "2.6.2", "@resvg/resvg-js-linux-arm64-gnu": "2.6.2", "@resvg/resvg-js-linux-arm64-musl": "2.6.2", "@resvg/resvg-js-linux-x64-gnu": "2.6.2", "@resvg/resvg-js-linux-x64-musl": "2.6.2", "@resvg/resvg-js-win32-arm64-msvc": "2.6.2", "@resvg/resvg-js-win32-ia32-msvc": "2.6.2", "@resvg/resvg-js-win32-x64-msvc": "2.6.2" } }, "sha512-xBaJish5OeGmniDj9cW5PRa/PtmuVU3ziqrbr5xJj901ZDN4TosrVaNZpEiLZAxdfnhAe7uQ7QFWfjPe9d9K2Q=="],

    "@resvg/resvg-js-android-arm-eabi": ["@resvg/resvg-js-android-arm-eabi@2.6.2", "", { "os": "android", "cpu": "arm" }, "sha512-FrJibrAk6v29eabIPgcTUMPXiEz8ssrAk7TXxsiZzww9UTQ1Z5KAbFJs+Z0Ez+VZTYgnE5IQJqBcoSiMebtPHA=="],

    "@resvg/resvg-js-android-arm64": ["@resvg/resvg-js-android-arm64@2.6.2", "", { "os": "android", "cpu": "arm64" }, "sha512-VcOKezEhm2VqzXpcIJoITuvUS/fcjIw5NA/w3tjzWyzmvoCdd+QXIqy3FBGulWdClvp4g+IfUemigrkLThSjAQ=="],

    "@resvg/resvg-js-darwin-arm64": ["@resvg/resvg-js-darwin-arm64@2.6.2", "", { "os": "darwin", "cpu": "arm64" }, "sha512-nmok2LnAd6nLUKI16aEB9ydMC6Lidiiq2m1nEBDR1LaaP7FGs4AJ90qDraxX+CWlVuRlvNjyYJTNv8qFjtL9+A=="],

    "@resvg/resvg-js-darwin-x64": ["@resvg/resvg-js-darwin-x64@2.6.2", "", { "os": "darwin", "cpu": "x64" }, "sha512-GInyZLjgWDfsVT6+SHxQVRwNzV0AuA1uqGsOAW+0th56J7Nh6bHHKXHBWzUrihxMetcFDmQMAX1tZ1fZDYSRsw=="],

    "@resvg/resvg-js-linux-arm-gnueabihf": ["@resvg/resvg-js-linux-arm-gnueabihf@2.6.2", "", { "os": "linux", "cpu": "arm" }, "sha512-YIV3u/R9zJbpqTTNwTZM5/ocWetDKGsro0SWp70eGEM9eV2MerWyBRZnQIgzU3YBnSBQ1RcxRZvY/UxwESfZIw=="],

    "@resvg/resvg-js-linux-arm64-gnu": ["@resvg/resvg-js-linux-arm64-gnu@2.6.2", "", { "os": "linux", "cpu": "arm64" }, "sha512-zc2BlJSim7YR4FZDQ8OUoJg5holYzdiYMeobb9pJuGDidGL9KZUv7SbiD4E8oZogtYY42UZEap7dqkkYuA91pg=="],

    "@resvg/resvg-js-linux-arm64-musl": ["@resvg/resvg-js-linux-arm64-musl@2.6.2", "", { "os": "linux", "cpu": "arm64" }, "sha512-3h3dLPWNgSsD4lQBJPb4f+kvdOSJHa5PjTYVsWHxLUzH4IFTJUAnmuWpw4KqyQ3NA5QCyhw4TWgxk3jRkQxEKg=="],

    "@resvg/resvg-js-linux-x64-gnu": ["@resvg/resvg-js-linux-x64-gnu@2.6.2", "", { "os": "linux", "cpu": "x64" }, "sha512-IVUe+ckIerA7xMZ50duAZzwf1U7khQe2E0QpUxu5MBJNao5RqC0zwV/Zm965vw6D3gGFUl7j4m+oJjubBVoftw=="],

    "@resvg/resvg-js-linux-x64-musl": ["@resvg/resvg-js-linux-x64-musl@2.6.2", "", { "os": "linux", "cpu": "x64" }, "sha512-UOf83vqTzoYQO9SZ0fPl2ZIFtNIz/Rr/y+7X8XRX1ZnBYsQ/tTb+cj9TE+KHOdmlTFBxhYzVkP2lRByCzqi4jQ=="],

    "@resvg/resvg-js-win32-arm64-msvc": ["@resvg/resvg-js-win32-arm64-msvc@2.6.2", "", { "os": "win32", "cpu": "arm64" }, "sha512-7C/RSgCa+7vqZ7qAbItfiaAWhyRSoD4l4BQAbVDqRRsRgY+S+hgS3in0Rxr7IorKUpGE69X48q6/nOAuTJQxeQ=="],

    "@resvg/resvg-js-win32-ia32-msvc": ["@resvg/resvg-js-win32-ia32-msvc@2.6.2", "", { "os": "win32", "cpu": "ia32" }, "sha512-har4aPAlvjnLcil40AC77YDIk6loMawuJwFINEM7n0pZviwMkMvjb2W5ZirsNOZY4aDbo5tLx0wNMREp5Brk+w=="],

    "@resvg/resvg-js-win32-x64-msvc": ["@resvg/resvg-js-win32-x64-msvc@2.6.2", "", { "os": "win32", "cpu": "x64" }, "sha512-ZXtYhtUr5SSaBrUDq7DiyjOFJqBVL/dOBN7N/qmi/pO0IgiWW/f/ue3nbvu9joWE5aAKDoIzy/CxsY0suwGosQ=="],

    "@revenuecat/purchases-capacitor": ["@revenuecat/purchases-capacitor@13.2.4", "", { "dependencies": { "@revenuecat/purchases-typescript-internal-esm": "18.22.2" }, "peerDependencies": { "@capacitor/core": ">=8.0.0" } }, "sha512-0ql1SBLYq3ldh+I8zsUU2bx1ml59s8rlt2wXYydzXTVj0/OJ12ntHAh3n95d9a+Iuwt89kZ6uTWTwu4LvzE+UA=="],

    "@revenuecat/purchases-typescript-internal-esm": ["@revenuecat/purchases-typescript-internal-esm@18.22.2", "", {}, "sha512-JdMGKUX4n/WWIxN1WjcwL8VsECQCtYW7X9iYO/YBqEqFnBPKqbOK3O/QX+Tu53JA881Jo/Y8wvPiK4EoNJmQmg=="],

    "@tokenizer/inflate": ["@tokenizer/inflate@0.4.1", "", { "dependencies": { "debug": "^4.4.3", "token-types": "^6.1.1" } }, ""],

    "@tokenizer/token": ["@tokenizer/token@0.3.0", "", {}, ""],

    "@types/fs-extra": ["@types/fs-extra@8.1.5", "", { "dependencies": { "@types/node": "*" } }, ""],

    "@types/node": ["@types/node@26.1.1", "", { "dependencies": { "undici-types": "~8.3.0" } }, ""],

    "@types/scriptjs": ["@types/scriptjs@0.0.2", "", {}, "sha512-GFrUgzGYfNX3VWZwMyzr0JrBwzLv5Kes4BQBvo6hXdRy14/GBbpCiVwwB7v1o2xIEvFf+9GyznmYhuesQQjSag=="],

    "@types/slice-ansi": ["@types/slice-ansi@4.0.0", "", {}, ""],

    "@xmldom/xmldom": ["@xmldom/xmldom@0.9.10", "", {}, ""],

    "ansi-regex": ["ansi-regex@5.0.1", "", {}, ""],

    "ansi-styles": ["ansi-styles@4.3.0", "", { "dependencies": { "color-convert": "^2.0.1" } }, ""],

    "any-base": ["any-base@1.1.0", "", {}, ""],

    "astral-regex": ["astral-regex@2.0.0", "", {}, ""],

    "at-least-node": ["at-least-node@1.0.0", "", {}, ""],

    "await-to-js": ["await-to-js@3.0.0", "", {}, ""],

    "balanced-match": ["balanced-match@4.0.4", "", {}, ""],

    "base64-js": ["base64-js@1.5.1", "", {}, ""],

    "big-integer": ["big-integer@1.6.52", "", {}, ""],

    "bmp-ts": ["bmp-ts@1.0.9", "", {}, ""],

    "bplist-parser": ["bplist-parser@0.3.2", "", { "dependencies": { "big-integer": "1.6.x" } }, ""],

    "brace-expansion": ["brace-expansion@5.0.7", "", { "dependencies": { "balanced-match": "^4.0.2" } }, ""],

    "buffer-crc32": ["buffer-crc32@0.2.13", "", {}, ""],

    "chownr": ["chownr@3.0.0", "", {}, ""],

    "cliui": ["cliui@8.0.1", "", { "dependencies": { "string-width": "^4.2.0", "strip-ansi": "^6.0.1", "wrap-ansi": "^7.0.0" } }, "sha512-BSeNnyus75C4//NQ9gQt1/csTXyo/8Sb+afLAkzAptFuMsod9HFokGNudZpi/oQV73hnVK+sR+5PVRMd+Dr7YQ=="],

    "color-convert": ["color-convert@2.0.1", "", { "dependencies": { "color-name": "~1.1.4" } }, ""],

    "color-name": ["color-name@1.1.4", "", {}, ""],

    "commander": ["commander@12.1.0", "", {}, ""],

    "cross-spawn": ["cross-spawn@7.0.6", "", { "dependencies": { "path-key": "^3.1.0", "shebang-command": "^2.0.0", "which": "^2.0.1" } }, ""],

    "debug": ["debug@4.4.3", "", { "dependencies": { "ms": "^2.1.3" } }, ""],

    "define-lazy-prop": ["define-lazy-prop@2.0.0", "", {}, ""],

    "elementtree": ["elementtree@0.1.7", "", { "dependencies": { "sax": "1.1.4" } }, ""],

    "emoji-regex": ["emoji-regex@8.0.0", "", {}, ""],

    "env-paths": ["env-paths@2.2.1", "", {}, ""],

    "escalade": ["escalade@3.2.0", "", {}, "sha512-WUj2qlxaQtO4g6Pq5c29GTcWGDyd8itL8zTlipgECz3JesAiiOKotd8JU6otB3PACgG6xkJUyVhboMS+bje/jA=="],

    "exif-parser": ["exif-parser@0.1.12", "", {}, ""],

    "faye-websocket": ["faye-websocket@0.11.4", "", { "dependencies": { "websocket-driver": ">=0.5.1" } }, "sha512-CzbClwlXAuiRQAlUyfqPgvPoNKTckTPGfwZV4ZdAhVcP2lh9KUxJg2b5GkE7XbjKQ3YJnQ9z6D9ntLAlB+tP8g=="],

    "fd-slicer": ["fd-slicer@1.1.0", "", { "dependencies": { "pend": "~1.2.0" } }, ""],

    "file-type": ["file-type@21.3.4", "", { "dependencies": { "@tokenizer/inflate": "^0.4.1", "strtok3": "^10.3.4", "token-types": "^6.1.1", "uint8array-extras": "^1.4.0" } }, ""],

    "firebase": ["firebase@12.17.1", "", { "dependencies": { "@firebase/ai": "2.14.0", "@firebase/analytics": "0.10.23", "@firebase/analytics-compat": "0.2.29", "@firebase/app": "0.16.0", "@firebase/app-check": "0.13.0", "@firebase/app-check-compat": "0.4.6", "@firebase/app-compat": "0.5.16", "@firebase/app-types": "0.9.5", "@firebase/auth": "1.13.4", "@firebase/auth-compat": "0.6.9", "@firebase/data-connect": "0.7.3", "@firebase/database": "1.1.4", "@firebase/database-compat": "2.1.6", "@firebase/firestore": "4.17.0", "@firebase/firestore-compat": "0.4.12", "@firebase/functions": "0.13.6", "@firebase/functions-compat": "0.4.6", "@firebase/installations": "0.6.23", "@firebase/installations-compat": "0.2.23", "@firebase/messaging": "0.13.1", "@firebase/messaging-compat": "0.2.28", "@firebase/performance": "0.7.13", "@firebase/performance-compat": "0.2.26", "@firebase/remote-config": "0.9.1", "@firebase/remote-config-compat": "0.2.28", "@firebase/storage": "0.14.4", "@firebase/storage-compat": "0.4.4", "@firebase/util": "1.15.2" } }, "sha512-dhp41ye9jMQvhx5FwjMkf/hjDHJApl7gXmvzOZGvP0M7c/GZGUnQ4qvsvlOBkF0Pa7wAwHMdcpL0ON2pXCQ4Sw=="],

    "fs-extra": ["fs-extra@11.3.6", "", { "dependencies": { "graceful-fs": "^4.2.0", "jsonfile": "^6.0.1", "universalify": "^2.0.0" } }, ""],

    "get-caller-file": ["get-caller-file@2.0.5", "", {}, "sha512-DyFP3BM/3YHTQOCUL/w0OZHR0lpKeGrxotcHWcqNEdnltqFwXVfhEBQ94eIo34AfQpo0rGki4cyIiftY06h2Fg=="],

    "gifwrap": ["gifwrap@0.10.1", "", { "dependencies": { "image-q": "^4.0.0", "omggif": "^1.0.10" } }, ""],

    "glob": ["glob@13.0.6", "", { "dependencies": { "minimatch": "^10.2.2", "minipass": "^7.1.3", "path-scurry": "^2.0.2" } }, ""],

    "graceful-fs": ["graceful-fs@4.2.11", "", {}, ""],

    "http-parser-js": ["http-parser-js@0.5.10", "", {}, "sha512-Pysuw9XpUq5dVc/2SMHpuTY01RFl8fttgcyunjL7eEMhGM3cI4eOmiCycJDVCo/7O7ClfQD3SaI6ftDzqOXYMA=="],

    "idb": ["idb@7.1.1", "", {}, "sha512-gchesWBzyvGHRO9W8tzUWFDycow5gwjvFKfyV9FF32Y7F50yZMp7mP+T2mJIWFx49zicqyC4uefHM17o6xKIVQ=="],

    "ieee754": ["ieee754@1.2.1", "", {}, ""],

    "image-q": ["image-q@4.0.0", "", { "dependencies": { "@types/node": "16.9.1" } }, ""],

    "inherits": ["inherits@2.0.4", "", {}, ""],

    "ini": ["ini@4.1.3", "", {}, ""],

    "is-docker": ["is-docker@2.2.1", "", { "bin": "cli.js" }, ""],

    "is-fullwidth-code-point": ["is-fullwidth-code-point@3.0.0", "", {}, ""],

    "is-wsl": ["is-wsl@2.2.0", "", { "dependencies": { "is-docker": "^2.0.0" } }, ""],

    "isexe": ["isexe@2.0.0", "", {}, ""],

    "jimp": ["jimp@1.6.1", "", { "dependencies": { "@jimp/core": "1.6.1", "@jimp/diff": "1.6.1", "@jimp/js-bmp": "1.6.1", "@jimp/js-gif": "1.6.1", "@jimp/js-jpeg": "1.6.1", "@jimp/js-png": "1.6.1", "@jimp/js-tiff": "1.6.1", "@jimp/plugin-blit": "1.6.1", "@jimp/plugin-blur": "1.6.1", "@jimp/plugin-circle": "1.6.1", "@jimp/plugin-color": "1.6.1", "@jimp/plugin-contain": "1.6.1", "@jimp/plugin-cover": "1.6.1", "@jimp/plugin-crop": "1.6.1", "@jimp/plugin-displace": "1.6.1", "@jimp/plugin-dither": "1.6.1", "@jimp/plugin-fisheye": "1.6.1", "@jimp/plugin-flip": "1.6.1", "@jimp/plugin-hash": "1.6.1", "@jimp/plugin-mask": "1.6.1", "@jimp/plugin-print": "1.6.1", "@jimp/plugin-quantize": "1.6.1", "@jimp/plugin-resize": "1.6.1", "@jimp/plugin-rotate": "1.6.1", "@jimp/plugin-threshold": "1.6.1", "@jimp/types": "1.6.1", "@jimp/utils": "1.6.1" } }, ""],

    "jpeg-js": ["jpeg-js@0.4.4", "", {}, ""],

    "jsonfile": ["jsonfile@6.2.1", "", { "dependencies": { "universalify": "^2.0.0" }, "optionalDependencies": { "graceful-fs": "^4.1.6" } }, ""],

    "kleur": ["kleur@4.1.5", "", {}, ""],

    "lodash.camelcase": ["lodash.camelcase@4.3.0", "", {}, "sha512-TwuEnCnxbc3rAvhf/LbG7tJUDzhqXyFnv3dtzLOPgCG/hODL7WFnsbwktkD7yUV0RrreP/l1PALq/YSg6VvjlA=="],

    "long": ["long@5.3.2", "", {}, "sha512-mNAgZ1GmyNhD7AuqnTG3/VQ26o760+ZYBPKjPvugO8+nLbYfX6TVpJPseBvopbdY+qpZ/lKUnmEc1LeZYS3QAA=="],

    "lru-cache": ["lru-cache@11.5.2", "", {}, ""],

    "mime": ["mime@3.0.0", "", { "bin": "cli.js" }, ""],

    "minimatch": ["minimatch@10.2.5", "", { "dependencies": { "brace-expansion": "^5.0.5" } }, ""],

    "minipass": ["minipass@7.1.3", "", {}, ""],

    "minizlib": ["minizlib@3.1.0", "", { "dependencies": { "minipass": "^7.1.2" } }, ""],

    "ms": ["ms@2.1.3", "", {}, ""],

    "native-run": ["native-run@2.0.3", "", { "dependencies": { "@ionic/utils-fs": "^3.1.7", "@ionic/utils-terminal": "^2.3.4", "bplist-parser": "^0.3.2", "debug": "^4.3.4", "elementtree": "^0.1.7", "ini": "^4.1.1", "plist": "^3.1.0", "split2": "^4.2.0", "through2": "^4.0.2", "tslib": "^2.6.2", "yauzl": "^2.10.0" }, "bin": "bin/native-run" }, ""],

    "omggif": ["omggif@1.0.10", "", {}, ""],

    "open": ["open@8.4.2", "", { "dependencies": { "define-lazy-prop": "^2.0.0", "is-docker": "^2.1.1", "is-wsl": "^2.2.0" } }, ""],

    "package-json-from-dist": ["package-json-from-dist@1.0.1", "", {}, ""],

    "pako": ["pako@1.0.11", "", {}, ""],

    "parse-bmfont-ascii": ["parse-bmfont-ascii@1.0.6", "", {}, ""],

    "parse-bmfont-binary": ["parse-bmfont-binary@1.0.6", "", {}, ""],

    "parse-bmfont-xml": ["parse-bmfont-xml@1.1.6", "", { "dependencies": { "xml-parse-from-string": "^1.0.0", "xml2js": "^0.5.0" } }, ""],

    "path-key": ["path-key@3.1.1", "", {}, ""],

    "path-scurry": ["path-scurry@2.0.2", "", { "dependencies": { "lru-cache": "^11.0.0", "minipass": "^7.1.2" } }, ""],

    "pend": ["pend@1.2.0", "", {}, ""],

    "pixelmatch": ["pixelmatch@5.3.0", "", { "dependencies": { "pngjs": "^6.0.0" }, "bin": "bin/pixelmatch" }, ""],

    "plist": ["plist@3.1.1", "", { "dependencies": { "@xmldom/xmldom": "^0.9.10", "base64-js": "^1.5.1", "xmlbuilder": "^15.1.1" } }, ""],

    "pngjs": ["pngjs@7.0.0", "", {}, ""],

    "prompts": ["prompts@2.4.2", "", { "dependencies": { "kleur": "^3.0.3", "sisteransi": "^1.0.5" } }, ""],

    "protobufjs": ["protobufjs@7.6.5", "", { "dependencies": { "@protobufjs/aspromise": "^1.1.2", "@protobufjs/base64": "^1.1.2", "@protobufjs/codegen": "^2.0.5", "@protobufjs/eventemitter": "^1.1.1", "@protobufjs/fetch": "^1.1.1", "@protobufjs/float": "^1.0.2", "@protobufjs/path": "^1.1.2", "@protobufjs/pool": "^1.1.0", "@protobufjs/utf8": "^1.1.1", "@types/node": ">=13.7.0", "long": "^5.3.2" } }, "sha512-/FPD0nUc9jH6rfFjji9IBqOz4pcSE3CsT1m7Ep6Mdb0LxSUMj8hgl6GomOvZzpNpAqqGaXA0P3VSrZLFzIhQrw=="],

    "re2js": ["re2js@2.8.6", "", {}, "sha512-xLgQil4kIUCrAzVk9fRSkxkFNwmygLFjVxXrLc65aE1F0+Zsb8rxumFBy4XKyvgMCTL6kilDq3EZ0piE2dP/Dg=="],

    "readable-stream": ["readable-stream@3.6.2", "", { "dependencies": { "inherits": "^2.0.3", "string_decoder": "^1.1.1", "util-deprecate": "^1.0.1" } }, ""],

    "require-directory": ["require-directory@2.1.1", "", {}, "sha512-fGxEI7+wsG9xrvdjsrlmL22OMTTiHRwAMroiEeMgq8gzoLC/PQr7RsRDSTLUg/bZAZtF+TVIkHc6/4RIKrui+Q=="],

    "rimraf": ["rimraf@6.1.3", "", { "dependencies": { "glob": "^13.0.3", "package-json-from-dist": "^1.0.1" }, "bin": "dist/esm/bin.mjs" }, ""],

    "safe-buffer": ["safe-buffer@5.2.1", "", {}, ""],

    "sax": ["sax@1.1.4", "", {}, ""],

    "scriptjs": ["scriptjs@2.5.9", "", {}, "sha512-qGVDoreyYiP1pkQnbnFAUIS5AjenNwwQBdl7zeos9etl+hYKWahjRTfzAZZYBv5xNHx7vNKCmaLDQZ6Fr2AEXg=="],

    "semver": ["semver@7.8.5", "", { "bin": "bin/semver.js" }, ""],

    "shebang-command": ["shebang-command@2.0.0", "", { "dependencies": { "shebang-regex": "^3.0.0" } }, ""],

    "shebang-regex": ["shebang-regex@3.0.0", "", {}, ""],

    "signal-exit": ["signal-exit@3.0.7", "", {}, ""],

    "simple-xml-to-json": ["simple-xml-to-json@1.2.7", "", {}, ""],

    "sisteransi": ["sisteransi@1.0.5", "", {}, ""],

    "slice-ansi": ["slice-ansi@4.0.0", "", { "dependencies": { "ansi-styles": "^4.0.0", "astral-regex": "^2.0.0", "is-fullwidth-code-point": "^3.0.0" } }, ""],

    "split2": ["split2@4.2.0", "", {}, ""],

    "string-width": ["string-width@4.2.3", "", { "dependencies": { "emoji-regex": "^8.0.0", "is-fullwidth-code-point": "^3.0.0", "strip-ansi": "^6.0.1" } }, ""],

    "string_decoder": ["string_decoder@1.3.0", "", { "dependencies": { "safe-buffer": "~5.2.0" } }, ""],

    "strip-ansi": ["strip-ansi@6.0.1", "", { "dependencies": { "ansi-regex": "^5.0.1" } }, ""],

    "strtok3": ["strtok3@10.3.5", "", { "dependencies": { "@tokenizer/token": "^0.3.0" } }, ""],

    "tar": ["tar@7.5.20", "", { "dependencies": { "@isaacs/fs-minipass": "^4.0.0", "chownr": "^3.0.0", "minipass": "^7.1.2", "minizlib": "^3.1.0", "yallist": "^5.0.0" } }, ""],

    "through2": ["through2@4.0.2", "", { "dependencies": { "readable-stream": "3" } }, ""],

    "tinycolor2": ["tinycolor2@1.6.0", "", {}, ""],

    "token-types": ["token-types@6.1.2", "", { "dependencies": { "@borewit/text-codec": "^0.2.1", "@tokenizer/token": "^0.3.0", "ieee754": "^1.2.1" } }, ""],

    "tree-kill": ["tree-kill@1.2.2", "", { "bin": "cli.js" }, ""],

    "tslib": ["tslib@2.8.1", "", {}, ""],

    "uint8array-extras": ["uint8array-extras@1.5.0", "", {}, ""],

    "undici-types": ["undici-types@8.3.0", "", {}, ""],

    "universalify": ["universalify@2.0.1", "", {}, ""],

    "untildify": ["untildify@4.0.0", "", {}, ""],

    "utif2": ["utif2@4.1.0", "", { "dependencies": { "pako": "^1.0.11" } }, ""],

    "util-deprecate": ["util-deprecate@1.0.2", "", {}, ""],

    "web-vitals": ["web-vitals@4.2.4", "", {}, "sha512-r4DIlprAGwJ7YM11VZp4R884m0Vmgr6EAKe3P+kO0PPj3Unqyvv59rczf6UiGcb9Z8QxZVcqKNwv/g0WNdWwsw=="],

    "websocket-driver": ["websocket-driver@0.7.5", "", { "dependencies": { "http-parser-js": ">=0.5.1", "safe-buffer": ">=5.1.0", "websocket-extensions": ">=0.1.1" } }, "sha512-ZL2+3c7kMBdIRCMz6l8jQMHyGVxj+UL+xVk74Ombiciboca8rHa15L86B19E5oh1pL9Ii/uj54gtsIrZGMo6zA=="],

    "websocket-extensions": ["websocket-extensions@0.1.4", "", {}, "sha512-OqedPIGOfsDlo31UNwYbCFMSaO9m9G/0faIHj5/dZFDMFqPTcx6UwqyOy3COEaEOg/9VsGIpdqn62W5KhoKSpg=="],

    "which": ["which@2.0.2", "", { "dependencies": { "isexe": "^2.0.0" }, "bin": { "node-which": "bin/node-which" } }, ""],

    "wrap-ansi": ["wrap-ansi@7.0.0", "", { "dependencies": { "ansi-styles": "^4.0.0", "string-width": "^4.1.0", "strip-ansi": "^6.0.0" } }, ""],

    "xml-parse-from-string": ["xml-parse-from-string@1.0.1", "", {}, ""],

    "xml2js": ["xml2js@0.6.2", "", { "dependencies": { "sax": ">=0.6.0", "xmlbuilder": "~11.0.0" } }, ""],

    "xmlbuilder": ["xmlbuilder@15.1.1", "", {}, ""],

    "y18n": ["y18n@5.0.8", "", {}, "sha512-0pfFzegeDWJHJIAmTLRP2DwHjdF5s7jo9tuztdQxAhINCdvS+3nGINqPd00AphqJR/0LhANUS6/+7SCb98YOfA=="],

    "yallist": ["yallist@5.0.0", "", {}, ""],

    "yargs": ["yargs@17.7.3", "", { "dependencies": { "cliui": "^8.0.1", "escalade": "^3.1.1", "get-caller-file": "^2.0.5", "require-directory": "^2.1.1", "string-width": "^4.2.3", "y18n": "^5.0.5", "yargs-parser": "^21.1.1" } }, "sha512-GZtjxm/J/4TSxuL3FNYjCmLktBTnIw/rVmKSIyKeYAZpmJB2ig9VauCC5xsa82GNKVKDAqpOn3KVzNt0zmrU0g=="],

    "yargs-parser": ["yargs-parser@21.1.1", "", {}, "sha512-tVpsJW7DdjecAiFpbIB1e3qxIQsE6NoPc5/eTdrbbIC4h0LVsWhnoa3g+m2HclBIujHzsxZ4VJVA+GUuc2/LBw=="],

    "yauzl": ["yauzl@2.10.0", "", { "dependencies": { "buffer-crc32": "~0.2.3", "fd-slicer": "~1.1.0" } }, ""],

    "zod": ["zod@3.25.76", "", {}, ""],

    "@ionic/utils-fs/fs-extra": ["fs-extra@9.1.0", "", { "dependencies": { "at-least-node": "^1.0.0", "graceful-fs": "^4.2.0", "jsonfile": "^6.0.1", "universalify": "^2.0.0" } }, ""],

    "image-q/@types/node": ["@types/node@16.9.1", "", {}, ""],

    "parse-bmfont-xml/xml2js": ["xml2js@0.5.0", "", { "dependencies": { "sax": ">=0.6.0", "xmlbuilder": "~11.0.0" } }, ""],

    "pixelmatch/pngjs": ["pngjs@6.0.0", "", {}, ""],

    "prompts/kleur": ["kleur@3.0.3", "", {}, ""],

    "xml2js/xmlbuilder": ["xmlbuilder@11.0.1", "", {}, ""],

    "parse-bmfont-xml/xml2js/xmlbuilder": ["xmlbuilder@11.0.1", "", {}, ""],
  }
}
